
Microsoft Visual Studio Solution File, Format Version 12.00
# Visual Studio Version 17
VisualStudioVersion = 17.1.32319.34
MinimumVisualStudioVersion = 10.0.40219.1
Project("{FAE04EC0-301F-11D3-BF4B-00C04F79EFBC}") = "InternalToolQuizApp", "InternalToolQuizApp\InternalToolQuizApp.csproj", "{48CFF93D-50D3-4A28-A877-943F7A373963}"
EndProject
Global
	GlobalSection(SolutionConfigurationPlatforms) = preSolution
		Debug|Any CPU = Debug|Any CPU
		Release|Any CPU = Release|Any CPU
	EndGlobalSection
	GlobalSection(ProjectConfigurationPlatforms) = postSolution
		{48CFF93D-50D3-4A28-A877-943F7A373963}.Debug|Any CPU.ActiveCfg = Debug|Any CPU
		{48CFF93D-50D3-4A28-A877-943F7A373963}.Debug|Any CPU.Build.0 = Debug|Any CPU
		{48CFF93D-50D3-4A28-A877-943F7A373963}.Release|Any CPU.ActiveCfg = Release|Any CPU
		{48CFF93D-50D3-4A28-A877-943F7A373963}.Release|Any CPU.Build.0 = Release|Any CPU
	EndGlobalSection
	GlobalSection(SolutionProperties) = preSolution
		HideSolutionNode = FALSE
	EndGlobalSection
	GlobalSection(ExtensibilityGlobals) = postSolution
		SolutionGuid = {196631B2-CC43-4CC5-97E3-AE25647D6E12}
	EndGlobalSection
EndGlobal
